
Microsoft Visual Studio Solution File, Format Version 12.00
# Visual Studio Version 17
VisualStudioVersion = 17.2.32630.192
MinimumVisualStudioVersion = 10.0.40219.1
Project("{FAE04EC0-301F-11D3-BF4B-00C04F79EFBC}") = "Cs Language Basics Hometask", "Cs Language Basics Hometask\Cs Language Basics Hometask.csproj", "{115346EB-7410-4F3B-B1EB-068086873AC8}"
EndProject
Global
	GlobalSection(SolutionConfigurationPlatforms) = preSolution
		Debug|Any CPU = Debug|Any CPU
		Release|Any CPU = Release|Any CPU
	EndGlobalSection
	GlobalSection(ProjectConfigurationPlatforms) = postSolution
		{115346EB-7410-4F3B-B1EB-068086873AC8}.Debug|Any CPU.ActiveCfg = Debug|Any CPU
		{115346EB-7410-4F3B-B1EB-068086873AC8}.Debug|Any CPU.Build.0 = Debug|Any CPU
		{115346EB-7410-4F3B-B1EB-068086873AC8}.Release|Any CPU.ActiveCfg = Release|Any CPU
		{115346EB-7410-4F3B-B1EB-068086873AC8}.Release|Any CPU.Build.0 = Release|Any CPU
	EndGlobalSection
	GlobalSection(SolutionProperties) = preSolution
		HideSolutionNode = FALSE
	EndGlobalSection
	GlobalSection(ExtensibilityGlobals) = postSolution
		SolutionGuid = {0FC9CE01-EE17-43AC-9172-5897F3DBD461}
	EndGlobalSection
EndGlobal
